
Microsoft Visual Studio Solution File, Format Version 12.00
# Visual Studio Version 16
VisualStudioVersion = 16.0.30011.22
MinimumVisualStudioVersion = 10.0.40219.1
Project("{FAE04EC0-301F-11D3-BF4B-00C04F79EFBC}") = "PustakGhar", "libraryMagmt\PustakGhar.csproj", "{40A9CDF7-4839-41DB-94C3-5E7182801325}"
EndProject
Global
	GlobalSection(SolutionConfigurationPlatforms) = preSolution
		Debug|Any CPU = Debug|Any CPU
		Release|Any CPU = Release|Any CPU
	EndGlobalSection
	GlobalSection(ProjectConfigurationPlatforms) = postSolution
		{40A9CDF7-4839-41DB-94C3-5E7182801325}.Debug|Any CPU.ActiveCfg = Debug|Any CPU
		{40A9CDF7-4839-41DB-94C3-5E7182801325}.Debug|Any CPU.Build.0 = Debug|Any CPU
		{40A9CDF7-4839-41DB-94C3-5E7182801325}.Release|Any CPU.ActiveCfg = Release|Any CPU
		{40A9CDF7-4839-41DB-94C3-5E7182801325}.Release|Any CPU.Build.0 = Release|Any CPU
	EndGlobalSection
	GlobalSection(SolutionProperties) = preSolution
		HideSolutionNode = FALSE
	EndGlobalSection
	GlobalSection(ExtensibilityGlobals) = postSolution
		SolutionGuid = {FBE103F6-585F-492A-AE82-C4070BFAC242}
	EndGlobalSection
EndGlobal
